{
  "version": 4,
  "terraform_version": "0.12.21",
  "serial": 5,
  "lineage": "a669bcfd-a3e1-057d-e743-bfd1dee050a8",
  "outputs": {},
  "resources": [
    {
      "module": "module.my-web1",
      "mode": "managed",
      "type": "aws_route53_record",
      "name": "domain",
      "provider": "module.my-web1.provider.aws",
      "instances": [
        {
          "schema_version": 2,
          "attributes": {
            "alias": [
              {
                "evaluate_target_health": false,
                "name": "s3-website.us-east-2.amazonaws.com",
                "zone_id": "Z2O1EMRO9K5GLX"
              }
            ],
            "allow_overwrite": null,
            "failover_routing_policy": [],
            "fqdn": "pragnatrainings.xyz",
            "geolocation_routing_policy": [],
            "health_check_id": "",
            "id": "Z02327793AGRZDENPFNW7_pragnatrainings.xyz_A",
            "latency_routing_policy": [],
            "multivalue_answer_routing_policy": null,
            "name": "pragnatrainings.xyz",
            "records": [],
            "set_identifier": "",
            "ttl": 0,
            "type": "A",
            "weighted_routing_policy": [],
            "zone_id": "Z02327793AGRZDENPFNW7"
          },
          "private": "eyJzY2hlbWFfdmVyc2lvbiI6IjIifQ==",
          "dependencies": [
            "module.my-web1.aws_route53_zone.primary",
            "module.my-web1.aws_s3_bucket.website"
          ]
        }
      ]
    },
    {
      "module": "module.my-web1",
      "mode": "managed",
      "type": "aws_route53_zone",
      "name": "primary",
      "provider": "module.my-web1.provider.aws",
      "instances": [
        {
          "schema_version": 0,
          "attributes": {
            "comment": "Managed by Terraform",
            "delegation_set_id": "",
            "force_destroy": false,
            "id": "Z02327793AGRZDENPFNW7",
            "name": "pragnatrainings.xyz",
            "name_servers": [
              "ns-1028.awsdns-00.org",
              "ns-1593.awsdns-07.co.uk",
              "ns-603.awsdns-11.net",
              "ns-9.awsdns-01.com"
            ],
            "tags": {},
            "vpc": [],
            "zone_id": "Z02327793AGRZDENPFNW7"
          },
          "private": "bnVsbA=="
        }
      ]
    },
    {
      "module": "module.my-web1",
      "mode": "managed",
      "type": "aws_s3_bucket",
      "name": "website",
      "provider": "module.my-web1.provider.aws",
      "instances": [
        {
          "schema_version": 0,
          "attributes": {
            "acceleration_status": "",
            "acl": "public-read",
            "arn": "arn:aws:s3:::my-third-website-today",
            "bucket": "my-third-website-today",
            "bucket_domain_name": "my-third-website-today.s3.amazonaws.com",
            "bucket_prefix": null,
            "bucket_regional_domain_name": "my-third-website-today.s3.us-east-2.amazonaws.com",
            "cors_rule": [
              {
                "allowed_headers": [
                  "*"
                ],
                "allowed_methods": [
                  "PUT",
                  "POST"
                ],
                "allowed_origins": [
                  "*"
                ],
                "expose_headers": [
                  "ETag"
                ],
                "max_age_seconds": 3000
              }
            ],
            "force_destroy": false,
            "grant": [],
            "hosted_zone_id": "Z2O1EMRO9K5GLX",
            "id": "my-third-website-today",
            "lifecycle_rule": [],
            "logging": [],
            "object_lock_configuration": [],
            "policy": "{\"Statement\":[{\"Action\":\"s3:GetObject\",\"Effect\":\"Allow\",\"Principal\":{\"AWS\":\"*\"},\"Resource\":\"arn:aws:s3:::my-third-website-today/*\",\"Sid\":\"PublicReadForGetBucketObjects\"}],\"Version\":\"2008-10-17\"}",
            "region": "us-east-2",
            "replication_configuration": [],
            "request_payer": "BucketOwner",
            "server_side_encryption_configuration": [],
            "tags": {},
            "versioning": [
              {
                "enabled": false,
                "mfa_delete": false
              }
            ],
            "website": [
              {
                "error_document": "error.html",
                "index_document": "index.html",
                "redirect_all_requests_to": "",
                "routing_rules": ""
              }
            ],
            "website_domain": "s3-website.us-east-2.amazonaws.com",
            "website_endpoint": "my-third-website-today.s3-website.us-east-2.amazonaws.com"
          },
          "private": "bnVsbA=="
        }
      ]
    }
  ]
}
